
Microsoft Visual Studio Solution File, Format Version 12.00
# Visual Studio 14
VisualStudioVersion = 14.0.25123.0
MinimumVisualStudioVersion = 10.0.40219.1
Project("{FAE04EC0-301F-11D3-BF4B-00C04F79EFBC}") = "2.Service", "Service\2.Service.csproj", "{C580E740-6150-44B7-B696-0F2B927F0FCC}"
EndProject
Project("{FAE04EC0-301F-11D3-BF4B-00C04F79EFBC}") = "3.Repository", "Repository\3.Repository.csproj", "{C01A18B6-CCCC-4A81-A9AD-9DA71421046F}"
EndProject
Project("{FAE04EC0-301F-11D3-BF4B-00C04F79EFBC}") = "5.Helper", "Helper\5.Helper.csproj", "{629FF08A-C46E-4A78-BB2F-E461FA1AF618}"
EndProject
Project("{FAE04EC0-301F-11D3-BF4B-00C04F79EFBC}") = "4.DataCollection", "DataCollection\4.DataCollection.csproj", "{88CEF747-1110-45F0-974F-E180EF22E4D9}"
EndProject
Project("{FAE04EC0-301F-11D3-BF4B-00C04F79EFBC}") = "1.Web", "Web\1.Web.csproj", "{C6A433B5-755E-4343-A9EB-05F0A4AD7467}"
EndProject
Global
	GlobalSection(SolutionConfigurationPlatforms) = preSolution
		Debug|Any CPU = Debug|Any CPU
		Release|Any CPU = Release|Any CPU
	EndGlobalSection
	GlobalSection(ProjectConfigurationPlatforms) = postSolution
		{C580E740-6150-44B7-B696-0F2B927F0FCC}.Debug|Any CPU.ActiveCfg = Debug|Any CPU
		{C580E740-6150-44B7-B696-0F2B927F0FCC}.Debug|Any CPU.Build.0 = Debug|Any CPU
		{C580E740-6150-44B7-B696-0F2B927F0FCC}.Release|Any CPU.ActiveCfg = Release|Any CPU
		{C580E740-6150-44B7-B696-0F2B927F0FCC}.Release|Any CPU.Build.0 = Release|Any CPU
		{C01A18B6-CCCC-4A81-A9AD-9DA71421046F}.Debug|Any CPU.ActiveCfg = Debug|Any CPU
		{C01A18B6-CCCC-4A81-A9AD-9DA71421046F}.Debug|Any CPU.Build.0 = Debug|Any CPU
		{C01A18B6-CCCC-4A81-A9AD-9DA71421046F}.Release|Any CPU.ActiveCfg = Release|Any CPU
		{C01A18B6-CCCC-4A81-A9AD-9DA71421046F}.Release|Any CPU.Build.0 = Release|Any CPU
		{629FF08A-C46E-4A78-BB2F-E461FA1AF618}.Debug|Any CPU.ActiveCfg = Debug|Any CPU
		{629FF08A-C46E-4A78-BB2F-E461FA1AF618}.Debug|Any CPU.Build.0 = Debug|Any CPU
		{629FF08A-C46E-4A78-BB2F-E461FA1AF618}.Release|Any CPU.ActiveCfg = Release|Any CPU
		{629FF08A-C46E-4A78-BB2F-E461FA1AF618}.Release|Any CPU.Build.0 = Release|Any CPU
		{88CEF747-1110-45F0-974F-E180EF22E4D9}.Debug|Any CPU.ActiveCfg = Debug|Any CPU
		{88CEF747-1110-45F0-974F-E180EF22E4D9}.Debug|Any CPU.Build.0 = Debug|Any CPU
		{88CEF747-1110-45F0-974F-E180EF22E4D9}.Release|Any CPU.ActiveCfg = Release|Any CPU
		{88CEF747-1110-45F0-974F-E180EF22E4D9}.Release|Any CPU.Build.0 = Release|Any CPU
		{C6A433B5-755E-4343-A9EB-05F0A4AD7467}.Debug|Any CPU.ActiveCfg = Debug|Any CPU
		{C6A433B5-755E-4343-A9EB-05F0A4AD7467}.Debug|Any CPU.Build.0 = Debug|Any CPU
		{C6A433B5-755E-4343-A9EB-05F0A4AD7467}.Release|Any CPU.ActiveCfg = Release|Any CPU
		{C6A433B5-755E-4343-A9EB-05F0A4AD7467}.Release|Any CPU.Build.0 = Release|Any CPU
	EndGlobalSection
	GlobalSection(SolutionProperties) = preSolution
		HideSolutionNode = FALSE
	EndGlobalSection
EndGlobal
